
Microsoft Visual Studio Solution File, Format Version 12.00
# Visual Studio 15
VisualStudioVersion = 15.0.28010.2041
MinimumVisualStudioVersion = 10.0.40219.1
Project("{FAE04EC0-301F-11D3-BF4B-00C04F79EFBC}") = "week4", "week4\week4.csproj", "{A36F63AE-CDC7-4126-826B-17A6A210ACF1}"
EndProject
Global
	GlobalSection(SolutionConfigurationPlatforms) = preSolution
		Debug|Any CPU = Debug|Any CPU
		Release|Any CPU = Release|Any CPU
	EndGlobalSection
	GlobalSection(ProjectConfigurationPlatforms) = postSolution
		{A36F63AE-CDC7-4126-826B-17A6A210ACF1}.Debug|Any CPU.ActiveCfg = Debug|Any CPU
		{A36F63AE-CDC7-4126-826B-17A6A210ACF1}.Debug|Any CPU.Build.0 = Debug|Any CPU
		{A36F63AE-CDC7-4126-826B-17A6A210ACF1}.Release|Any CPU.ActiveCfg = Release|Any CPU
		{A36F63AE-CDC7-4126-826B-17A6A210ACF1}.Release|Any CPU.Build.0 = Release|Any CPU
	EndGlobalSection
	GlobalSection(SolutionProperties) = preSolution
		HideSolutionNode = FALSE
	EndGlobalSection
	GlobalSection(ExtensibilityGlobals) = postSolution
		SolutionGuid = {2EEAC90C-C513-4B64-84C2-3E519955C5E4}
	EndGlobalSection
EndGlobal
